
Microsoft Visual Studio Solution File, Format Version 12.00
# Visual Studio Version 16
VisualStudioVersion = 16.0.30204.135
MinimumVisualStudioVersion = 10.0.40219.1
Project("{9A19103F-16F7-4668-BE54-9A1E7A4F7556}") = "SoftSMS.MVC", "SoftSMS\SoftSMS.MVC.csproj", "{EA7C761B-D43F-4AC6-ACEE-EF7CBD6D62C1}"
	ProjectSection(ProjectDependencies) = postProject
		{B01D0E31-CF8C-4BA3-875B-3BBD9FEAB6E9} = {B01D0E31-CF8C-4BA3-875B-3BBD9FEAB6E9}
		{14B64CFA-3A9E-4563-B71C-007F6D32D620} = {14B64CFA-3A9E-4563-B71C-007F6D32D620}
	EndProjectSection
EndProject
Project("{9A19103F-16F7-4668-BE54-9A1E7A4F7556}") = "SoftSMS.Infrastructure", "SoftSMS.Infrastructure\SoftSMS.Infrastructure.csproj", "{B01D0E31-CF8C-4BA3-875B-3BBD9FEAB6E9}"
EndProject
Project("{9A19103F-16F7-4668-BE54-9A1E7A4F7556}") = "SoftSMS.Data", "SoftSMS.Data\SoftSMS.Data.csproj", "{14B64CFA-3A9E-4563-B71C-007F6D32D620}"
EndProject
Global
	GlobalSection(SolutionConfigurationPlatforms) = preSolution
		Debug|Any CPU = Debug|Any CPU
		Release|Any CPU = Release|Any CPU
	EndGlobalSection
	GlobalSection(ProjectConfigurationPlatforms) = postSolution
		{EA7C761B-D43F-4AC6-ACEE-EF7CBD6D62C1}.Debug|Any CPU.ActiveCfg = Debug|Any CPU
		{EA7C761B-D43F-4AC6-ACEE-EF7CBD6D62C1}.Debug|Any CPU.Build.0 = Debug|Any CPU
		{EA7C761B-D43F-4AC6-ACEE-EF7CBD6D62C1}.Release|Any CPU.ActiveCfg = Release|Any CPU
		{EA7C761B-D43F-4AC6-ACEE-EF7CBD6D62C1}.Release|Any CPU.Build.0 = Release|Any CPU
		{B01D0E31-CF8C-4BA3-875B-3BBD9FEAB6E9}.Debug|Any CPU.ActiveCfg = Debug|Any CPU
		{B01D0E31-CF8C-4BA3-875B-3BBD9FEAB6E9}.Debug|Any CPU.Build.0 = Debug|Any CPU
		{B01D0E31-CF8C-4BA3-875B-3BBD9FEAB6E9}.Release|Any CPU.ActiveCfg = Release|Any CPU
		{B01D0E31-CF8C-4BA3-875B-3BBD9FEAB6E9}.Release|Any CPU.Build.0 = Release|Any CPU
		{14B64CFA-3A9E-4563-B71C-007F6D32D620}.Debug|Any CPU.ActiveCfg = Debug|Any CPU
		{14B64CFA-3A9E-4563-B71C-007F6D32D620}.Debug|Any CPU.Build.0 = Debug|Any CPU
		{14B64CFA-3A9E-4563-B71C-007F6D32D620}.Release|Any CPU.ActiveCfg = Release|Any CPU
		{14B64CFA-3A9E-4563-B71C-007F6D32D620}.Release|Any CPU.Build.0 = Release|Any CPU
	EndGlobalSection
	GlobalSection(SolutionProperties) = preSolution
		HideSolutionNode = FALSE
	EndGlobalSection
	GlobalSection(ExtensibilityGlobals) = postSolution
		SolutionGuid = {0AC650FB-2D89-4384-8FC8-FF494AA9BFB1}
	EndGlobalSection
EndGlobal
